
Microsoft Visual Studio Solution File, Format Version 12.00
# Visual Studio Version 17
VisualStudioVersion = 17.2.32630.192
MinimumVisualStudioVersion = 10.0.40219.1
Project("{9A19103F-16F7-4668-BE54-9A1E7A4F7556}") = "UnityETP.API", "UnityETP.API\UnityETP.API.csproj", "{82E9A320-CD3A-4449-8FF4-FF9D92DAAAB2}"
EndProject
Project("{9A19103F-16F7-4668-BE54-9A1E7A4F7556}") = "UnityETP.Entity", "..\..\dotnet\unity_etp-core\UnityETP.Entity\UnityETP.Entity.csproj", "{2C04BE6A-B08A-4735-952A-2EE4A68F72AD}"
EndProject
Project("{9A19103F-16F7-4668-BE54-9A1E7A4F7556}") = "UnityETP.DataAccess", "..\..\dotnet\unity_etp-dataaccess\UnityETP.DataAccess\UnityETP.DataAccess.csproj", "{F24DB514-560B-46E9-BE0F-D0921622E7B6}"
EndProject
Global
	GlobalSection(SolutionConfigurationPlatforms) = preSolution
		Debug|Any CPU = Debug|Any CPU
		Release|Any CPU = Release|Any CPU
	EndGlobalSection
	GlobalSection(ProjectConfigurationPlatforms) = postSolution
		{82E9A320-CD3A-4449-8FF4-FF9D92DAAAB2}.Debug|Any CPU.ActiveCfg = Debug|Any CPU
		{82E9A320-CD3A-4449-8FF4-FF9D92DAAAB2}.Debug|Any CPU.Build.0 = Debug|Any CPU
		{82E9A320-CD3A-4449-8FF4-FF9D92DAAAB2}.Release|Any CPU.ActiveCfg = Release|Any CPU
		{82E9A320-CD3A-4449-8FF4-FF9D92DAAAB2}.Release|Any CPU.Build.0 = Release|Any CPU
		{2C04BE6A-B08A-4735-952A-2EE4A68F72AD}.Debug|Any CPU.ActiveCfg = Debug|Any CPU
		{2C04BE6A-B08A-4735-952A-2EE4A68F72AD}.Debug|Any CPU.Build.0 = Debug|Any CPU
		{2C04BE6A-B08A-4735-952A-2EE4A68F72AD}.Release|Any CPU.ActiveCfg = Release|Any CPU
		{2C04BE6A-B08A-4735-952A-2EE4A68F72AD}.Release|Any CPU.Build.0 = Release|Any CPU
		{F24DB514-560B-46E9-BE0F-D0921622E7B6}.Debug|Any CPU.ActiveCfg = Debug|Any CPU
		{F24DB514-560B-46E9-BE0F-D0921622E7B6}.Debug|Any CPU.Build.0 = Debug|Any CPU
		{F24DB514-560B-46E9-BE0F-D0921622E7B6}.Release|Any CPU.ActiveCfg = Release|Any CPU
		{F24DB514-560B-46E9-BE0F-D0921622E7B6}.Release|Any CPU.Build.0 = Release|Any CPU
	EndGlobalSection
	GlobalSection(SolutionProperties) = preSolution
		HideSolutionNode = FALSE
	EndGlobalSection
	GlobalSection(ExtensibilityGlobals) = postSolution
		SolutionGuid = {E5732914-EC50-41CC-A772-9F04F71DDA2E}
	EndGlobalSection
EndGlobal
