
Microsoft Visual Studio Solution File, Format Version 12.00
# Visual Studio Version 17
VisualStudioVersion = 17.2.32630.192
MinimumVisualStudioVersion = 10.0.40219.1
Project("{9A19103F-16F7-4668-BE54-9A1E7A4F7556}") = "UnityETP.DataAccess", "UnityETP.DataAccess\UnityETP.DataAccess.csproj", "{FDCF0E12-D281-4BBE-814F-32F2F4073D4D}"
EndProject
Project("{9A19103F-16F7-4668-BE54-9A1E7A4F7556}") = "UnityETP.Entity", "..\..\unity_etp-core\UnityETP.Entity\UnityETP.Entity.csproj", "{E464E328-C47D-409B-A626-90EE4DAA87A3}"
EndProject
Global
	GlobalSection(SolutionConfigurationPlatforms) = preSolution
		Debug|Any CPU = Debug|Any CPU
		Release|Any CPU = Release|Any CPU
	EndGlobalSection
	GlobalSection(ProjectConfigurationPlatforms) = postSolution
		{FDCF0E12-D281-4BBE-814F-32F2F4073D4D}.Debug|Any CPU.ActiveCfg = Debug|Any CPU
		{FDCF0E12-D281-4BBE-814F-32F2F4073D4D}.Debug|Any CPU.Build.0 = Debug|Any CPU
		{FDCF0E12-D281-4BBE-814F-32F2F4073D4D}.Release|Any CPU.ActiveCfg = Release|Any CPU
		{FDCF0E12-D281-4BBE-814F-32F2F4073D4D}.Release|Any CPU.Build.0 = Release|Any CPU
		{E464E328-C47D-409B-A626-90EE4DAA87A3}.Debug|Any CPU.ActiveCfg = Debug|Any CPU
		{E464E328-C47D-409B-A626-90EE4DAA87A3}.Debug|Any CPU.Build.0 = Debug|Any CPU
		{E464E328-C47D-409B-A626-90EE4DAA87A3}.Release|Any CPU.ActiveCfg = Release|Any CPU
		{E464E328-C47D-409B-A626-90EE4DAA87A3}.Release|Any CPU.Build.0 = Release|Any CPU
	EndGlobalSection
	GlobalSection(SolutionProperties) = preSolution
		HideSolutionNode = FALSE
	EndGlobalSection
	GlobalSection(ExtensibilityGlobals) = postSolution
		SolutionGuid = {EBCC0BC2-2BA9-46E7-A917-F940B047B5B6}
	EndGlobalSection
EndGlobal
